
Microsoft Visual Studio Solution File, Format Version 12.00
# Visual Studio Version 17
VisualStudioVersion = 17.0.31903.59
MinimumVisualStudioVersion = 10.0.40219.1
Project("{FAE04EC0-301F-11D3-BF4B-00C04F79EFBC}") = "Lunafy.Core", "Lunafy.Core\Lunafy.Core.csproj", "{EEEDAFB6-F5F9-43AD-BB10-D73BB6DA464B}"
EndProject
Project("{FAE04EC0-301F-11D3-BF4B-00C04F79EFBC}") = "Lunafy.Data", "Lunafy.Data\Lunafy.Data.csproj", "{8E7FD176-E114-4C7A-8863-D91CD7537F52}"
EndProject
Project("{FAE04EC0-301F-11D3-BF4B-00C04F79EFBC}") = "Lunafy.Services", "Lunafy.Services\Lunafy.Services.csproj", "{CBF8C074-84BE-4652-ACCB-F953BE12024B}"
EndProject
Global
	GlobalSection(SolutionConfigurationPlatforms) = preSolution
		Debug|Any CPU = Debug|Any CPU
		Release|Any CPU = Release|Any CPU
	EndGlobalSection
	GlobalSection(SolutionProperties) = preSolution
		HideSolutionNode = FALSE
	EndGlobalSection
	GlobalSection(ProjectConfigurationPlatforms) = postSolution
		{EEEDAFB6-F5F9-43AD-BB10-D73BB6DA464B}.Debug|Any CPU.ActiveCfg = Debug|Any CPU
		{EEEDAFB6-F5F9-43AD-BB10-D73BB6DA464B}.Debug|Any CPU.Build.0 = Debug|Any CPU
		{EEEDAFB6-F5F9-43AD-BB10-D73BB6DA464B}.Release|Any CPU.ActiveCfg = Release|Any CPU
		{EEEDAFB6-F5F9-43AD-BB10-D73BB6DA464B}.Release|Any CPU.Build.0 = Release|Any CPU
		{8E7FD176-E114-4C7A-8863-D91CD7537F52}.Debug|Any CPU.ActiveCfg = Debug|Any CPU
		{8E7FD176-E114-4C7A-8863-D91CD7537F52}.Debug|Any CPU.Build.0 = Debug|Any CPU
		{8E7FD176-E114-4C7A-8863-D91CD7537F52}.Release|Any CPU.ActiveCfg = Release|Any CPU
		{8E7FD176-E114-4C7A-8863-D91CD7537F52}.Release|Any CPU.Build.0 = Release|Any CPU
		{CBF8C074-84BE-4652-ACCB-F953BE12024B}.Debug|Any CPU.ActiveCfg = Debug|Any CPU
		{CBF8C074-84BE-4652-ACCB-F953BE12024B}.Debug|Any CPU.Build.0 = Debug|Any CPU
		{CBF8C074-84BE-4652-ACCB-F953BE12024B}.Release|Any CPU.ActiveCfg = Release|Any CPU
		{CBF8C074-84BE-4652-ACCB-F953BE12024B}.Release|Any CPU.Build.0 = Release|Any CPU
	EndGlobalSection
EndGlobal
